// !$*UTF8*$!
{
	archiveVersion = 1;
	classes = {
	};
	objectVersion = 56;
	objects = {

/* Begin PBXBuildFile section */
		C99EB1662933754F0057366A /* SnowSeekerApp.swift in Sources */ = {isa = PBXBuildFile; fileRef = C99EB1652933754F0057366A /* SnowSeekerApp.swift */; };
		C99EB168293375500057366A /* ContentView.swift in Sources */ = {isa = PBXBuildFile; fileRef = C99EB167293375500057366A /* ContentView.swift */; };
		C99EB16A293375510057366A /* Assets.xcassets in Resources */ = {isa = PBXBuildFile; fileRef = C99EB169293375510057366A /* Assets.xcassets */; };
		C99EB16D293375510057366A /* Preview Assets.xcassets in Resources */ = {isa = PBXBuildFile; fileRef = C99EB16C293375510057366A /* Preview Assets.xcassets */; };
		C99EB174293688790057366A /* resorts.json in Resources */ = {isa = PBXBuildFile; fileRef = C99EB173293688790057366A /* resorts.json */; };
		C99EB177293689540057366A /* Resort.swift in Sources */ = {isa = PBXBuildFile; fileRef = C99EB176293689540057366A /* Resort.swift */; };
		C99EB17929368A8D0057366A /* Bundle-Decodable.swift in Sources */ = {isa = PBXBuildFile; fileRef = C99EB17829368A8D0057366A /* Bundle-Decodable.swift */; };
		C99EB17B29376F040057366A /* WelcomeView.swift in Sources */ = {isa = PBXBuildFile; fileRef = C99EB17A29376F040057366A /* WelcomeView.swift */; };
		C99EB17E2937A0C10057366A /* ResortView.swift in Sources */ = {isa = PBXBuildFile; fileRef = C99EB17D2937A0C10057366A /* ResortView.swift */; };
		C99EB1802937A2E20057366A /* SkiDetailView.swift in Sources */ = {isa = PBXBuildFile; fileRef = C99EB17F2937A2E20057366A /* SkiDetailView.swift */; };
		C99EB1822937A4DD0057366A /* ResortDetailView.swift in Sources */ = {isa = PBXBuildFile; fileRef = C99EB1812937A4DD0057366A /* ResortDetailView.swift */; };
		C99EB184293A13F80057366A /* Facility.swift in Sources */ = {isa = PBXBuildFile; fileRef = C99EB183293A13F80057366A /* Facility.swift */; };
		C99EB186293A1EBA0057366A /* Favorites.swift in Sources */ = {isa = PBXBuildFile; fileRef = C99EB185293A1EBA0057366A /* Favorites.swift */; };
		C99EB188293A4EF70057366A /* FileManager.swift in Sources */ = {isa = PBXBuildFile; fileRef = C99EB187293A4EF70057366A /* FileManager.swift */; };
/* End PBXBuildFile section */

/* Begin PBXFileReference section */
		C99EB1622933754F0057366A /* SnowSeeker.app */ = {isa = PBXFileReference; explicitFileType = wrapper.application; includeInIndex = 0; path = SnowSeeker.app; sourceTree = BUILT_PRODUCTS_DIR; };
		C99EB1652933754F0057366A /* SnowSeekerApp.swift */ = {isa = PBXFileReference; lastKnownFileType = sourcecode.swift; path = SnowSeekerApp.swift; sourceTree = "<group>"; };
		C99EB167293375500057366A /* ContentView.swift */ = {isa = PBXFileReference; lastKnownFileType = sourcecode.swift; path = ContentView.swift; sourceTree = "<group>"; };
		C99EB169293375510057366A /* Assets.xcassets */ = {isa = PBXFileReference; lastKnownFileType = folder.assetcatalog; path = Assets.xcassets; sourceTree = "<group>"; };
		C99EB16C293375510057366A /* Preview Assets.xcassets */ = {isa = PBXFileReference; lastKnownFileType = folder.assetcatalog; path = "Preview Assets.xcassets"; sourceTree = "<group>"; };
		C99EB173293688790057366A /* resorts.json */ = {isa = PBXFileReference; fileEncoding = 4; lastKnownFileType = text.json; path = resorts.json; sourceTree = "<group>"; };
		C99EB176293689540057366A /* Resort.swift */ = {isa = PBXFileReference; lastKnownFileType = sourcecode.swift; path = Resort.swift; sourceTree = "<group>"; };
		C99EB17829368A8D0057366A /* Bundle-Decodable.swift */ = {isa = PBXFileReference; lastKnownFileType = sourcecode.swift; path = "Bundle-Decodable.swift"; sourceTree = "<group>"; };
		C99EB17A29376F040057366A /* WelcomeView.swift */ = {isa = PBXFileReference; lastKnownFileType = sourcecode.swift; path = WelcomeView.swift; sourceTree = "<group>"; };
		C99EB17D2937A0C10057366A /* ResortView.swift */ = {isa = PBXFileReference; lastKnownFileType = sourcecode.swift; path = ResortView.swift; sourceTree = "<group>"; };
		C99EB17F2937A2E20057366A /* SkiDetailView.swift */ = {isa = PBXFileReference; lastKnownFileType = sourcecode.swift; path = SkiDetailView.swift; sourceTree = "<group>"; };
		C99EB1812937A4DD0057366A /* ResortDetailView.swift */ = {isa = PBXFileReference; lastKnownFileType = sourcecode.swift; path = ResortDetailView.swift; sourceTree = "<group>"; };
		C99EB183293A13F80057366A /* Facility.swift */ = {isa = PBXFileReference; lastKnownFileType = sourcecode.swift; path = Facility.swift; sourceTree = "<group>"; };
		C99EB185293A1EBA0057366A /* Favorites.swift */ = {isa = PBXFileReference; lastKnownFileType = sourcecode.swift; path = Favorites.swift; sourceTree = "<group>"; };
		C99EB187293A4EF70057366A /* FileManager.swift */ = {isa = PBXFileReference; lastKnownFileType = sourcecode.swift; path = FileManager.swift; sourceTree = "<group>"; };
/* End PBXFileReference section */

/* Begin PBXFrameworksBuildPhase section */
		C99EB15F2933754F0057366A /* Frameworks */ = {
			isa = PBXFrameworksBuildPhase;
			buildActionMask = 2147483647;
			files = (
			);
			runOnlyForDeploymentPostprocessing = 0;
		};
/* End PBXFrameworksBuildPhase section */

/* Begin PBXGroup section */
		C99EB1592933754F0057366A = {
			isa = PBXGroup;
			children = (
				C99EB1642933754F0057366A /* SnowSeeker */,
				C99EB1632933754F0057366A /* Products */,
			);
			sourceTree = "<group>";
		};
		C99EB1632933754F0057366A /* Products */ = {
			isa = PBXGroup;
			children = (
				C99EB1622933754F0057366A /* SnowSeeker.app */,
			);
			name = Products;
			sourceTree = "<group>";
		};
		C99EB1642933754F0057366A /* SnowSeeker */ = {
			isa = PBXGroup;
			children = (
				C99EB1652933754F0057366A /* SnowSeekerApp.swift */,
				C99EB17C2937A0AE0057366A /* Views */,
				C99EB175293689120057366A /* Files */,
				C99EB173293688790057366A /* resorts.json */,
				C99EB169293375510057366A /* Assets.xcassets */,
				C99EB16B293375510057366A /* Preview Content */,
			);
			path = SnowSeeker;
			sourceTree = "<group>";
		};
		C99EB16B293375510057366A /* Preview Content */ = {
			isa = PBXGroup;
			children = (
				C99EB16C293375510057366A /* Preview Assets.xcassets */,
			);
			path = "Preview Content";
			sourceTree = "<group>";
		};
		C99EB175293689120057366A /* Files */ = {
			isa = PBXGroup;
			children = (
				C99EB176293689540057366A /* Resort.swift */,
				C99EB17829368A8D0057366A /* Bundle-Decodable.swift */,
				C99EB183293A13F80057366A /* Facility.swift */,
				C99EB185293A1EBA0057366A /* Favorites.swift */,
				C99EB187293A4EF70057366A /* FileManager.swift */,
			);
			path = Files;
			sourceTree = "<group>";
		};
		C99EB17C2937A0AE0057366A /* Views */ = {
			isa = PBXGroup;
			children = (
				C99EB167293375500057366A /* ContentView.swift */,
				C99EB17A29376F040057366A /* WelcomeView.swift */,
				C99EB17D2937A0C10057366A /* ResortView.swift */,
				C99EB17F2937A2E20057366A /* SkiDetailView.swift */,
				C99EB1812937A4DD0057366A /* ResortDetailView.swift */,
			);
			path = Views;
			sourceTree = "<group>";
		};
/* End PBXGroup section */

/* Begin PBXNativeTarget section */
		C99EB1612933754F0057366A /* SnowSeeker */ = {
			isa = PBXNativeTarget;
			buildConfigurationList = C99EB170293375510057366A /* Build configuration list for PBXNativeTarget "SnowSeeker" */;
			buildPhases = (
				C99EB15E2933754F0057366A /* Sources */,
				C99EB15F2933754F0057366A /* Frameworks */,
				C99EB1602933754F0057366A /* Resources */,
			);
			buildRules = (
			);
			dependencies = (
			);
			name = SnowSeeker;
			productName = SnowSeeker;
			productReference = C99EB1622933754F0057366A /* SnowSeeker.app */;
			productType = "com.apple.product-type.application";
		};
/* End PBXNativeTarget section */

/* Begin PBXProject section */
		C99EB15A2933754F0057366A /* Project object */ = {
			isa = PBXProject;
			attributes = {
				BuildIndependentTargetsInParallel = 1;
				LastSwiftUpdateCheck = 1400;
				LastUpgradeCheck = 1400;
				TargetAttributes = {
					C99EB1612933754F0057366A = {
						CreatedOnToolsVersion = 14.0;
					};
				};
			};
			buildConfigurationList = C99EB15D2933754F0057366A /* Build configuration list for PBXProject "SnowSeeker" */;
			compatibilityVersion = "Xcode 14.0";
			developmentRegion = en;
			hasScannedForEncodings = 0;
			knownRegions = (
				en,
				Base,
			);
			mainGroup = C99EB1592933754F0057366A;
			productRefGroup = C99EB1632933754F0057366A /* Products */;
			projectDirPath = "";
			projectRoot = "";
			targets = (
				C99EB1612933754F0057366A /* SnowSeeker */,
			);
		};
/* End PBXProject section */

/* Begin PBXResourcesBuildPhase section */
		C99EB1602933754F0057366A /* Resources */ = {
			isa = PBXResourcesBuildPhase;
			buildActionMask = 2147483647;
			files = (
				C99EB174293688790057366A /* resorts.json in Resources */,
				C99EB16D293375510057366A /* Preview Assets.xcassets in Resources */,
				C99EB16A293375510057366A /* Assets.xcassets in Resources */,
			);
			runOnlyForDeploymentPostprocessing = 0;
		};
/* End PBXResourcesBuildPhase section */

/* Begin PBXSourcesBuildPhase section */
		C99EB15E2933754F0057366A /* Sources */ = {
			isa = PBXSourcesBuildPhase;
			buildActionMask = 2147483647;
			files = (
				C99EB17B29376F040057366A /* WelcomeView.swift in Sources */,
				C99EB1802937A2E20057366A /* SkiDetailView.swift in Sources */,
				C99EB168293375500057366A /* ContentView.swift in Sources */,
				C99EB186293A1EBA0057366A /* Favorites.swift in Sources */,
				C99EB184293A13F80057366A /* Facility.swift in Sources */,
				C99EB177293689540057366A /* Resort.swift in Sources */,
				C99EB17E2937A0C10057366A /* ResortView.swift in Sources */,
				C99EB188293A4EF70057366A /* FileManager.swift in Sources */,
				C99EB1662933754F0057366A /* SnowSeekerApp.swift in Sources */,
				C99EB1822937A4DD0057366A /* ResortDetailView.swift in Sources */,
				C99EB17929368A8D0057366A /* Bundle-Decodable.swift in Sources */,
			);
			runOnlyForDeploymentPostprocessing = 0;
		};
/* End PBXSourcesBuildPhase section */

/* Begin XCBuildConfiguration section */
		C99EB16E293375510057366A /* Debug */ = {
			isa = XCBuildConfiguration;
			buildSettings = {
				ALWAYS_SEARCH_USER_PATHS = NO;
				CLANG_ANALYZER_NONNULL = YES;
				CLANG_ANALYZER_NUMBER_OBJECT_CONVERSION = YES_AGGRESSIVE;
				CLANG_CXX_LANGUAGE_STANDARD = "gnu++20";
				CLANG_ENABLE_MODULES = YES;
				CLANG_ENABLE_OBJC_ARC = YES;
				CLANG_ENABLE_OBJC_WEAK = YES;
				CLANG_WARN_BLOCK_CAPTURE_AUTORELEASING = YES;
				CLANG_WARN_BOOL_CONVERSION = YES;
				CLANG_WARN_COMMA = YES;
				CLANG_WARN_CONSTANT_CONVERSION = YES;
				CLANG_WARN_DEPRECATED_OBJC_IMPLEMENTATIONS = YES;
				CLANG_WARN_DIRECT_OBJC_ISA_USAGE = YES_ERROR;
				CLANG_WARN_DOCUMENTATION_COMMENTS = YES;
				CLANG_WARN_EMPTY_BODY = YES;
				CLANG_WARN_ENUM_CONVERSION = YES;
				CLANG_WARN_INFINITE_RECURSION = YES;
				CLANG_WARN_INT_CONVERSION = YES;
				CLANG_WARN_NON_LITERAL_NULL_CONVERSION = YES;
				CLANG_WARN_OBJC_IMPLICIT_RETAIN_SELF = YES;
				CLANG_WARN_OBJC_LITERAL_CONVERSION = YES;
				CLANG_WARN_OBJC_ROOT_CLASS = YES_ERROR;
				CLANG_WARN_QUOTED_INCLUDE_IN_FRAMEWORK_HEADER = YES;
				CLANG_WARN_RANGE_LOOP_ANALYSIS = YES;
				CLANG_WARN_STRICT_PROTOTYPES = YES;
				CLANG_WARN_SUSPICIOUS_MOVE = YES;
				CLANG_WARN_UNGUARDED_AVAILABILITY = YES_AGGRESSIVE;
				CLANG_WARN_UNREACHABLE_CODE = YES;
				CLANG_WARN__DUPLICATE_METHOD_MATCH = YES;
				COPY_PHASE_STRIP = NO;
				DEBUG_INFORMATION_FORMAT = dwarf;
				ENABLE_STRICT_OBJC_MSGSEND = YES;
				ENABLE_TESTABILITY = YES;
				GCC_C_LANGUAGE_STANDARD = gnu11;
				GCC_DYNAMIC_NO_PIC = NO;
				GCC_NO_COMMON_BLOCKS = YES;
				GCC_OPTIMIZATION_LEVEL = 0;
				GCC_PREPROCESSOR_DEFINITIONS = (
					"DEBUG=1",
					"$(inherited)",
				);
				GCC_WARN_64_TO_32_BIT_CONVERSION = YES;
				GCC_WARN_ABOUT_RETURN_TYPE = YES_ERROR;
				GCC_WARN_UNDECLARED_SELECTOR = YES;
				GCC_WARN_UNINITIALIZED_AUTOS = YES_AGGRESSIVE;
				GCC_WARN_UNUSED_FUNCTION = YES;
				GCC_WARN_UNUSED_VARIABLE = YES;
				IPHONEOS_DEPLOYMENT_TARGET = 16.0;
				MTL_ENABLE_DEBUG_INFO = INCLUDE_SOURCE;
				MTL_FAST_MATH = YES;
				ONLY_ACTIVE_ARCH = YES;
				SDKROOT = iphoneos;
				SWIFT_ACTIVE_COMPILATION_CONDITIONS = DEBUG;
				SWIFT_OPTIMIZATION_LEVEL = "-Onone";
			};
			name = Debug;
		};
		C99EB16F293375510057366A /* Release */ = {
			isa = XCBuildConfiguration;
			buildSettings = {
				ALWAYS_SEARCH_USER_PATHS = NO;
				CLANG_ANALYZER_NONNULL = YES;
				CLANG_ANALYZER_NUMBER_OBJECT_CONVERSION = YES_AGGRESSIVE;
				CLANG_CXX_LANGUAGE_STANDARD = "gnu++20";
				CLANG_ENABLE_MODULES = YES;
				CLANG_ENABLE_OBJC_ARC = YES;
				CLANG_ENABLE_OBJC_WEAK = YES;
				CLANG_WARN_BLOCK_CAPTURE_AUTORELEASING = YES;
				CLANG_WARN_BOOL_CONVERSION = YES;
				CLANG_WARN_COMMA = YES;
				CLANG_WARN_CONSTANT_CONVERSION = YES;
				CLANG_WARN_DEPRECATED_OBJC_IMPLEMENTATIONS = YES;
				CLANG_WARN_DIRECT_OBJC_ISA_USAGE = YES_ERROR;
				CLANG_WARN_DOCUMENTATION_COMMENTS = YES;
				CLANG_WARN_EMPTY_BODY = YES;
				CLANG_WARN_ENUM_CONVERSION = YES;
				CLANG_WARN_INFINITE_RECURSION = YES;
				CLANG_WARN_INT_CONVERSION = YES;
				CLANG_WARN_NON_LITERAL_NULL_CONVERSION = YES;
				CLANG_WARN_OBJC_IMPLICIT_RETAIN_SELF = YES;
				CLANG_WARN_OBJC_LITERAL_CONVERSION = YES;
				CLANG_WARN_OBJC_ROOT_CLASS = YES_ERROR;
				CLANG_WARN_QUOTED_INCLUDE_IN_FRAMEWORK_HEADER = YES;
				CLANG_WARN_RANGE_LOOP_ANALYSIS = YES;
				CLANG_WARN_STRICT_PROTOTYPES = YES;
				CLANG_WARN_SUSPICIOUS_MOVE = YES;
				CLANG_WARN_UNGUARDED_AVAILABILITY = YES_AGGRESSIVE;
				CLANG_WARN_UNREACHABLE_CODE = YES;
				CLANG_WARN__DUPLICATE_METHOD_MATCH = YES;
				COPY_PHASE_STRIP = NO;
				DEBUG_INFORMATION_FORMAT = "dwarf-with-dsym";
				ENABLE_NS_ASSERTIONS = NO;
				ENABLE_STRICT_OBJC_MSGSEND = YES;
				GCC_C_LANGUAGE_STANDARD = gnu11;
				GCC_NO_COMMON_BLOCKS = YES;
				GCC_WARN_64_TO_32_BIT_CONVERSION = YES;
				GCC_WARN_ABOUT_RETURN_TYPE = YES_ERROR;
				GCC_WARN_UNDECLARED_SELECTOR = YES;
				GCC_WARN_UNINITIALIZED_AUTOS = YES_AGGRESSIVE;
				GCC_WARN_UNUSED_FUNCTION = YES;
				GCC_WARN_UNUSED_VARIABLE = YES;
				IPHONEOS_DEPLOYMENT_TARGET = 16.0;
				MTL_ENABLE_DEBUG_INFO = NO;
				MTL_FAST_MATH = YES;
				SDKROOT = iphoneos;
				SWIFT_COMPILATION_MODE = wholemodule;
				SWIFT_OPTIMIZATION_LEVEL = "-O";
				VALIDATE_PRODUCT = YES;
			};
			name = Release;
		};
		C99EB171293375510057366A /* Debug */ = {
			isa = XCBuildConfiguration;
			buildSettings = {
				ASSETCATALOG_COMPILER_APPICON_NAME = AppIcon;
				ASSETCATALOG_COMPILER_GLOBAL_ACCENT_COLOR_NAME = AccentColor;
				CODE_SIGN_STYLE = Automatic;
				CURRENT_PROJECT_VERSION = 1;
				DEVELOPMENT_ASSET_PATHS = "\"SnowSeeker/Preview Content\"";
				DEVELOPMENT_TEAM = G8MSA22VSU;
				ENABLE_PREVIEWS = YES;
				GENERATE_INFOPLIST_FILE = YES;
				INFOPLIST_KEY_UIApplicationSceneManifest_Generation = YES;
				INFOPLIST_KEY_UIApplicationSupportsIndirectInputEvents = YES;
				INFOPLIST_KEY_UILaunchScreen_Generation = YES;
				INFOPLIST_KEY_UISupportedInterfaceOrientations_iPad = "UIInterfaceOrientationPortrait UIInterfaceOrientationPortraitUpsideDown UIInterfaceOrientationLandscapeLeft UIInterfaceOrientationLandscapeRight";
				INFOPLIST_KEY_UISupportedInterfaceOrientations_iPhone = "UIInterfaceOrientationPortrait UIInterfaceOrientationLandscapeLeft UIInterfaceOrientationLandscapeRight";
				LD_RUNPATH_SEARCH_PATHS = (
					"$(inherited)",
					"@executable_path/Frameworks",
				);
				MARKETING_VERSION = 1.0;
				PRODUCT_BUNDLE_IDENTIFIER = com.alpaycalalli.SnowSeeker;
				PRODUCT_NAME = "$(TARGET_NAME)";
				SWIFT_EMIT_LOC_STRINGS = YES;
				SWIFT_VERSION = 5.0;
				TARGETED_DEVICE_FAMILY = "1,2";
			};
			name = Debug;
		};
		C99EB172293375510057366A /* Release */ = {
			isa = XCBuildConfiguration;
			buildSettings = {
				ASSETCATALOG_COMPILER_APPICON_NAME = AppIcon;
				ASSETCATALOG_COMPILER_GLOBAL_ACCENT_COLOR_NAME = AccentColor;
				CODE_SIGN_STYLE = Automatic;
				CURRENT_PROJECT_VERSION = 1;
				DEVELOPMENT_ASSET_PATHS = "\"SnowSeeker/Preview Content\"";
				DEVELOPMENT_TEAM = G8MSA22VSU;
				ENABLE_PREVIEWS = YES;
				GENERATE_INFOPLIST_FILE = YES;
				INFOPLIST_KEY_UIApplicationSceneManifest_Generation = YES;
				INFOPLIST_KEY_UIApplicationSupportsIndirectInputEvents = YES;
				INFOPLIST_KEY_UILaunchScreen_Generation = YES;
				INFOPLIST_KEY_UISupportedInterfaceOrientations_iPad = "UIInterfaceOrientationPortrait UIInterfaceOrientationPortraitUpsideDown UIInterfaceOrientationLandscapeLeft UIInterfaceOrientationLandscapeRight";
				INFOPLIST_KEY_UISupportedInterfaceOrientations_iPhone = "UIInterfaceOrientationPortrait UIInterfaceOrientationLandscapeLeft UIInterfaceOrientationLandscapeRight";
				LD_RUNPATH_SEARCH_PATHS = (
					"$(inherited)",
					"@executable_path/Frameworks",
				);
				MARKETING_VERSION = 1.0;
				PRODUCT_BUNDLE_IDENTIFIER = com.alpaycalalli.SnowSeeker;
				PRODUCT_NAME = "$(TARGET_NAME)";
				SWIFT_EMIT_LOC_STRINGS = YES;
				SWIFT_VERSION = 5.0;
				TARGETED_DEVICE_FAMILY = "1,2";
			};
			name = Release;
		};
/* End XCBuildConfiguration section */

/* Begin XCConfigurationList section */
		C99EB15D2933754F0057366A /* Build configuration list for PBXProject "SnowSeeker" */ = {
			isa = XCConfigurationList;
			buildConfigurations = (
				C99EB16E293375510057366A /* Debug */,
				C99EB16F293375510057366A /* Release */,
			);
			defaultConfigurationIsVisible = 0;
			defaultConfigurationName = Release;
		};
		C99EB170293375510057366A /* Build configuration list for PBXNativeTarget "SnowSeeker" */ = {
			isa = XCConfigurationList;
			buildConfigurations = (
				C99EB171293375510057366A /* Debug */,
				C99EB172293375510057366A /* Release */,
			);
			defaultConfigurationIsVisible = 0;
			defaultConfigurationName = Release;
		};
/* End XCConfigurationList section */
	};
	rootObject = C99EB15A2933754F0057366A /* Project object */;
}
